{
  "name": "test",
  "version": "1.0.0",
  "lockfileVersion": 3,
  "requires": true,
  "packages": {
    "": {
      "name": "test",
      "version": "1.0.0",
      "license": "MIT",
      "dependencies": {
        "js-html-renderer": "file:../.."
      },
      "devDependencies": {
        "@types/node": "^20.6.2",
        "typescript": "^5.1.6"
      },
      "engines": {
        "node": ">=18.19.0",
        "npm": ">=10.2.3"
      }
    },
    "..": {
      "name": "js-html-renderer",
      "version": "0.0.1",
      "extraneous": true,
      "license": "MIT",
      "devDependencies": {
        "@types/node": "^20.8.4",
        "@typescript-eslint/eslint-plugin": "^6.7.5",
        "@typescript-eslint/parser": "^6.7.5",
        "eslint": "^8.51.0",
        "nodemon": "^3.0.1",
        "typescript": "^5.2.2"
      },
      "engines": {
        "node": ">=18.19.0",
        "npm": ">=10.2.3"
      }
    },
    "../..": {
      "version": "0.0.2",
      "license": "MIT",
      "devDependencies": {
        "@types/node": "^20.8.4",
        "@types/web": "^0.0.139",
        "@typescript-eslint/eslint-plugin": "^6.7.5",
        "@typescript-eslint/parser": "^6.7.5",
        "eslint": "^8.51.0",
        "nodemon": "^3.0.1",
        "typescript": "^5.2.2"
      },
      "engines": {
        "node": ">=18.19.0",
        "npm": ">=10.2.3"
      }
    },
    "node_modules/@types/node": {
      "version": "20.11.18",
      "dev": true,
      "license": "MIT",
      "dependencies": {
        "undici-types": "~5.26.4"
      }
    },
    "node_modules/js-html-renderer": {
      "resolved": "../..",
      "link": true
    },
    "node_modules/typescript": {
      "version": "5.3.3",
      "dev": true,
      "license": "Apache-2.0",
      "bin": {
        "tsc": "bin/tsc",
        "tsserver": "bin/tsserver"
      },
      "engines": {
        "node": ">=14.17"
      }
    },
    "node_modules/undici-types": {
      "version": "5.26.5",
      "dev": true,
      "license": "MIT"
    }
  }
}
